
Microsoft Visual Studio Solution File, Format Version 12.00
# Visual Studio 15
VisualStudioVersion = 15.0.28010.2048
MinimumVisualStudioVersion = 10.0.40219.1
Project("{9A19103F-16F7-4668-BE54-9A1E7A4F7556}") = "CoreWebAPP", "CoreWebAPP\CoreWebAPP.csproj", "{D58057CD-A92A-4D42-819F-2A68E4E0DBA1}"
EndProject
Project("{2150E333-8FDC-42A3-9474-1A3956D46DE8}") = "03 Web应用程序", "03 Web应用程序", "{FD4DE0AC-E1BC-4FC7-88F9-13B4E6DD54EE}"
EndProject
Project("{2150E333-8FDC-42A3-9474-1A3956D46DE8}") = "01 Common 基础结构层", "01 Common 基础结构层", "{9501C7FD-103A-48D0-B8F0-A7C080915E96}"
EndProject
Project("{2150E333-8FDC-42A3-9474-1A3956D46DE8}") = "单元测试", "单元测试", "{D4681363-3ED7-488D-B4D2-EF46EC8F4468}"
EndProject
Project("{9A19103F-16F7-4668-BE54-9A1E7A4F7556}") = "CoreWebApp.Data.Test", "CoreWebApp.Data.Test\CoreWebApp.Data.Test.csproj", "{221F3FF6-C650-4049-8645-45AB10B5B724}"
EndProject
Project("{9A19103F-16F7-4668-BE54-9A1E7A4F7556}") = "CoreWebApp.Data", "CoreWebApp.Data\CoreWebApp.Data.csproj", "{74684630-FC99-4A0E-9B56-7D1513B49154}"
EndProject
Project("{9A19103F-16F7-4668-BE54-9A1E7A4F7556}") = "CoreWebApp.Infrastructure", "CoreWebApp.Core\CoreWebApp.Infrastructure.csproj", "{402477E8-3ED0-454A-8B0E-1B2A6294A06E}"
EndProject
Project("{9A19103F-16F7-4668-BE54-9A1E7A4F7556}") = "CoreWebApp.Repository.Contract", "CoreWebApp.Repository.Contract\CoreWebApp.Repository.Contract.csproj", "{3A1B8C40-79FB-42BB-A780-39EB3F53F544}"
EndProject
Project("{9A19103F-16F7-4668-BE54-9A1E7A4F7556}") = "CoreWebApp.Repository", "CoreWebApp.Repository\CoreWebApp.Repository.csproj", "{C6DA7136-409E-4DDD-85A1-AF72B12AC99A}"
EndProject
Project("{9A19103F-16F7-4668-BE54-9A1E7A4F7556}") = "CoreWebApp.Model", "CoreWebApp.Entity\CoreWebApp.Model.csproj", "{BB158C40-0257-415B-B2CF-9460233860F7}"
EndProject
Project("{9A19103F-16F7-4668-BE54-9A1E7A4F7556}") = "CoreWebApp.Api", "CoreWebApp.Api\CoreWebApp.Api.csproj", "{5C1F46D7-AC97-420D-B0CC-1C1CFF5038E3}"
EndProject
Project("{2150E333-8FDC-42A3-9474-1A3956D46DE8}") = "02 应用服务层", "02 应用服务层", "{729A89CF-8AA1-4812-9341-007EAE49F77C}"
EndProject
Project("{9A19103F-16F7-4668-BE54-9A1E7A4F7556}") = "CoreWebApp.Mapping", "CoreWebApp.Mapping\CoreWebApp.Mapping.csproj", "{E384CB5A-EBDE-42A5-8C02-0AC3ADA1DE6F}"
EndProject
Project("{9A19103F-16F7-4668-BE54-9A1E7A4F7556}") = "CoreWebApp.Service", "CoreWebApp.Service\CoreWebApp.Service.csproj", "{6CA1A6FD-7D86-468D-A23E-CF75EDC107A1}"
EndProject
Project("{9092AA53-FB77-4645-B42D-1CCCA6BD08BD}") = "CoreWebAPP-Admin", "CoreWebAPP-Admin\CoreWebAPP-Admin.njsproj", "{9304063F-B96E-49A7-A9C2-77AD54E3E2F8}"
EndProject
Global
	GlobalSection(SolutionConfigurationPlatforms) = preSolution
		Debug|Any CPU = Debug|Any CPU
		Release|Any CPU = Release|Any CPU
	EndGlobalSection
	GlobalSection(ProjectConfigurationPlatforms) = postSolution
		{D58057CD-A92A-4D42-819F-2A68E4E0DBA1}.Debug|Any CPU.ActiveCfg = Debug|Any CPU
		{D58057CD-A92A-4D42-819F-2A68E4E0DBA1}.Debug|Any CPU.Build.0 = Debug|Any CPU
		{D58057CD-A92A-4D42-819F-2A68E4E0DBA1}.Release|Any CPU.ActiveCfg = Release|Any CPU
		{D58057CD-A92A-4D42-819F-2A68E4E0DBA1}.Release|Any CPU.Build.0 = Release|Any CPU
		{221F3FF6-C650-4049-8645-45AB10B5B724}.Debug|Any CPU.ActiveCfg = Debug|Any CPU
		{221F3FF6-C650-4049-8645-45AB10B5B724}.Debug|Any CPU.Build.0 = Debug|Any CPU
		{221F3FF6-C650-4049-8645-45AB10B5B724}.Release|Any CPU.ActiveCfg = Release|Any CPU
		{221F3FF6-C650-4049-8645-45AB10B5B724}.Release|Any CPU.Build.0 = Release|Any CPU
		{74684630-FC99-4A0E-9B56-7D1513B49154}.Debug|Any CPU.ActiveCfg = Debug|Any CPU
		{74684630-FC99-4A0E-9B56-7D1513B49154}.Debug|Any CPU.Build.0 = Debug|Any CPU
		{74684630-FC99-4A0E-9B56-7D1513B49154}.Release|Any CPU.ActiveCfg = Release|Any CPU
		{74684630-FC99-4A0E-9B56-7D1513B49154}.Release|Any CPU.Build.0 = Release|Any CPU
		{402477E8-3ED0-454A-8B0E-1B2A6294A06E}.Debug|Any CPU.ActiveCfg = Debug|Any CPU
		{402477E8-3ED0-454A-8B0E-1B2A6294A06E}.Debug|Any CPU.Build.0 = Debug|Any CPU
		{402477E8-3ED0-454A-8B0E-1B2A6294A06E}.Release|Any CPU.ActiveCfg = Release|Any CPU
		{402477E8-3ED0-454A-8B0E-1B2A6294A06E}.Release|Any CPU.Build.0 = Release|Any CPU
		{3A1B8C40-79FB-42BB-A780-39EB3F53F544}.Debug|Any CPU.ActiveCfg = Debug|Any CPU
		{3A1B8C40-79FB-42BB-A780-39EB3F53F544}.Debug|Any CPU.Build.0 = Debug|Any CPU
		{3A1B8C40-79FB-42BB-A780-39EB3F53F544}.Release|Any CPU.ActiveCfg = Release|Any CPU
		{3A1B8C40-79FB-42BB-A780-39EB3F53F544}.Release|Any CPU.Build.0 = Release|Any CPU
		{C6DA7136-409E-4DDD-85A1-AF72B12AC99A}.Debug|Any CPU.ActiveCfg = Debug|Any CPU
		{C6DA7136-409E-4DDD-85A1-AF72B12AC99A}.Debug|Any CPU.Build.0 = Debug|Any CPU
		{C6DA7136-409E-4DDD-85A1-AF72B12AC99A}.Release|Any CPU.ActiveCfg = Release|Any CPU
		{C6DA7136-409E-4DDD-85A1-AF72B12AC99A}.Release|Any CPU.Build.0 = Release|Any CPU
		{BB158C40-0257-415B-B2CF-9460233860F7}.Debug|Any CPU.ActiveCfg = Debug|Any CPU
		{BB158C40-0257-415B-B2CF-9460233860F7}.Debug|Any CPU.Build.0 = Debug|Any CPU
		{BB158C40-0257-415B-B2CF-9460233860F7}.Release|Any CPU.ActiveCfg = Release|Any CPU
		{BB158C40-0257-415B-B2CF-9460233860F7}.Release|Any CPU.Build.0 = Release|Any CPU
		{5C1F46D7-AC97-420D-B0CC-1C1CFF5038E3}.Debug|Any CPU.ActiveCfg = Debug|Any CPU
		{5C1F46D7-AC97-420D-B0CC-1C1CFF5038E3}.Debug|Any CPU.Build.0 = Debug|Any CPU
		{5C1F46D7-AC97-420D-B0CC-1C1CFF5038E3}.Release|Any CPU.ActiveCfg = Release|Any CPU
		{5C1F46D7-AC97-420D-B0CC-1C1CFF5038E3}.Release|Any CPU.Build.0 = Release|Any CPU
		{E384CB5A-EBDE-42A5-8C02-0AC3ADA1DE6F}.Debug|Any CPU.ActiveCfg = Debug|Any CPU
		{E384CB5A-EBDE-42A5-8C02-0AC3ADA1DE6F}.Debug|Any CPU.Build.0 = Debug|Any CPU
		{E384CB5A-EBDE-42A5-8C02-0AC3ADA1DE6F}.Release|Any CPU.ActiveCfg = Release|Any CPU
		{E384CB5A-EBDE-42A5-8C02-0AC3ADA1DE6F}.Release|Any CPU.Build.0 = Release|Any CPU
		{6CA1A6FD-7D86-468D-A23E-CF75EDC107A1}.Debug|Any CPU.ActiveCfg = Debug|Any CPU
		{6CA1A6FD-7D86-468D-A23E-CF75EDC107A1}.Debug|Any CPU.Build.0 = Debug|Any CPU
		{6CA1A6FD-7D86-468D-A23E-CF75EDC107A1}.Release|Any CPU.ActiveCfg = Release|Any CPU
		{6CA1A6FD-7D86-468D-A23E-CF75EDC107A1}.Release|Any CPU.Build.0 = Release|Any CPU
		{9304063F-B96E-49A7-A9C2-77AD54E3E2F8}.Debug|Any CPU.ActiveCfg = Debug|Any CPU
		{9304063F-B96E-49A7-A9C2-77AD54E3E2F8}.Debug|Any CPU.Build.0 = Debug|Any CPU
		{9304063F-B96E-49A7-A9C2-77AD54E3E2F8}.Release|Any CPU.ActiveCfg = Release|Any CPU
		{9304063F-B96E-49A7-A9C2-77AD54E3E2F8}.Release|Any CPU.Build.0 = Release|Any CPU
	EndGlobalSection
	GlobalSection(SolutionProperties) = preSolution
		HideSolutionNode = FALSE
	EndGlobalSection
	GlobalSection(NestedProjects) = preSolution
		{D58057CD-A92A-4D42-819F-2A68E4E0DBA1} = {FD4DE0AC-E1BC-4FC7-88F9-13B4E6DD54EE}
		{221F3FF6-C650-4049-8645-45AB10B5B724} = {D4681363-3ED7-488D-B4D2-EF46EC8F4468}
		{74684630-FC99-4A0E-9B56-7D1513B49154} = {9501C7FD-103A-48D0-B8F0-A7C080915E96}
		{402477E8-3ED0-454A-8B0E-1B2A6294A06E} = {9501C7FD-103A-48D0-B8F0-A7C080915E96}
		{3A1B8C40-79FB-42BB-A780-39EB3F53F544} = {9501C7FD-103A-48D0-B8F0-A7C080915E96}
		{C6DA7136-409E-4DDD-85A1-AF72B12AC99A} = {9501C7FD-103A-48D0-B8F0-A7C080915E96}
		{BB158C40-0257-415B-B2CF-9460233860F7} = {9501C7FD-103A-48D0-B8F0-A7C080915E96}
		{5C1F46D7-AC97-420D-B0CC-1C1CFF5038E3} = {FD4DE0AC-E1BC-4FC7-88F9-13B4E6DD54EE}
		{E384CB5A-EBDE-42A5-8C02-0AC3ADA1DE6F} = {729A89CF-8AA1-4812-9341-007EAE49F77C}
		{6CA1A6FD-7D86-468D-A23E-CF75EDC107A1} = {729A89CF-8AA1-4812-9341-007EAE49F77C}
		{9304063F-B96E-49A7-A9C2-77AD54E3E2F8} = {FD4DE0AC-E1BC-4FC7-88F9-13B4E6DD54EE}
	EndGlobalSection
	GlobalSection(ExtensibilityGlobals) = postSolution
		SolutionGuid = {CA76E1A3-7DD6-4665-9D1E-91144AD4FE2A}
	EndGlobalSection
EndGlobal
